dependencies:
  espressif/button:
    component_hash: 95babe831403e301511a22a4dfcd599abcf32cf72c7f8ac5352a61662363c9ea
    dependencies:
    - name: espressif/cmake_utilities
      registry_url: https://components.espressif.com
      require: private
      version: '*'
    - name: idf
      require: private
      version: '>=4.0'
    source:
      registry_url: https://components.espressif.com/
      type: service
    version: 4.1.7
  espressif/cmake_utilities:
    component_hash: 351350613ceafba240b761b4ea991e0f231ac7a9f59a9ee901f751bddc0bb18f
    dependencies:
    - name: idf
      require: private
      version: '>=4.1'
    source:
      registry_url: https://components.espressif.com/
      type: service
    version: 0.5.3
  espressif/esp_codec_dev:
    component_hash: 896c67360ae1f8dedaf8a53dfe48c015317fa455f061a5165307892296990028
    dependencies:
    - name: idf
      require: private
      version: '>=4.0'
    source:
      registry_url: https://components.espressif.com/
      type: service
    version: 1.5.10
  espressif/led_strip:
    component_hash: 28621486f77229aaf81c71f5e15d6fbf36c2949cf11094e07090593e659e7639
    dependencies:
    - name: idf
      require: private
      version: '>=5.0'
    source:
      registry_url: https://components.espressif.com/
      type: service
    version: 3.0.3
  folotoy/folotoy-firmware-driver:
    component_hash: a338e71649e93383fd938d93b2b1d4bdff18e71c288984c72c6b08b9c05790f9
    dependencies:
    - name: espressif/cmake_utilities
      version: 0.*
    - name: idf
      version: '>=4.4'
    source:
      git: https://github.com/FoloToy/folotoy-firmware-driver-open-source.git
      path: .
      type: git
    version: f9982b1518d6689023af7d0baa48070f7fe920d7
  idf:
    source:
      type: idf
    version: 5.5.3
  joltwallet/littlefs:
    component_hash: 34b8c56a14f10b440845fe972ce34ef41d1d205bcb139b3dfc58983a10abf59b
    dependencies:
    - name: idf
      require: private
      version: '>=5.0'
    source:
      registry_url: https://components.espressif.com/
      type: service
    version: 1.19.1
direct_dependencies:
- espressif/button
- espressif/esp_codec_dev
- espressif/led_strip
- folotoy/folotoy-firmware-driver
- idf
- joltwallet/littlefs
manifest_hash: 9f6b041d12b365ce76066c20bcbd437b88b9276f09f18f4f4e5bca51041b5cb4
target: esp32s3
version: 2.0.0
